
Microsoft Visual Studio Solution File, Format Version 12.00
# Visual Studio Version 17
VisualStudioVersion = 17.5.33414.496
MinimumVisualStudioVersion = 10.0.40219.1
Project("{9A19103F-16F7-4668-BE54-9A1E7A4F7556}") = "BookStore.Services", "BookStore.Services\BookStore.Services.csproj", "{146135BB-A4A4-465B-84A6-DBC210553275}"
EndProject
Project("{9A19103F-16F7-4668-BE54-9A1E7A4F7556}") = "BookStore.Core", "BookStore.Core\BookStore.Core.csproj", "{B79E94F5-74F4-436E-925E-A503CC3FFDD1}"
EndProject
Project("{9A19103F-16F7-4668-BE54-9A1E7A4F7556}") = "BookStore.WinApp", "BookStore.WinApp\BookStore.WinApp.csproj", "{65C66A60-7703-48C4-A5BC-D28225C8EE23}"
EndProject
Project("{FAE04EC0-301F-11D3-BF4B-00C04F79EFBC}") = "BookStore.Data", "BookStore.Data\BookStore.Data.csproj", "{070546F3-BE4C-4B83-BB4B-712D6C415E6D}"
EndProject
Global
	GlobalSection(SolutionConfigurationPlatforms) = preSolution
		Debug|Any CPU = Debug|Any CPU
		Release|Any CPU = Release|Any CPU
	EndGlobalSection
	GlobalSection(ProjectConfigurationPlatforms) = postSolution
		{146135BB-A4A4-465B-84A6-DBC210553275}.Debug|Any CPU.ActiveCfg = Debug|Any CPU
		{146135BB-A4A4-465B-84A6-DBC210553275}.Debug|Any CPU.Build.0 = Debug|Any CPU
		{146135BB-A4A4-465B-84A6-DBC210553275}.Release|Any CPU.ActiveCfg = Release|Any CPU
		{146135BB-A4A4-465B-84A6-DBC210553275}.Release|Any CPU.Build.0 = Release|Any CPU
		{B79E94F5-74F4-436E-925E-A503CC3FFDD1}.Debug|Any CPU.ActiveCfg = Debug|Any CPU
		{B79E94F5-74F4-436E-925E-A503CC3FFDD1}.Debug|Any CPU.Build.0 = Debug|Any CPU
		{B79E94F5-74F4-436E-925E-A503CC3FFDD1}.Release|Any CPU.ActiveCfg = Release|Any CPU
		{B79E94F5-74F4-436E-925E-A503CC3FFDD1}.Release|Any CPU.Build.0 = Release|Any CPU
		{65C66A60-7703-48C4-A5BC-D28225C8EE23}.Debug|Any CPU.ActiveCfg = Debug|Any CPU
		{65C66A60-7703-48C4-A5BC-D28225C8EE23}.Debug|Any CPU.Build.0 = Debug|Any CPU
		{65C66A60-7703-48C4-A5BC-D28225C8EE23}.Release|Any CPU.ActiveCfg = Release|Any CPU
		{65C66A60-7703-48C4-A5BC-D28225C8EE23}.Release|Any CPU.Build.0 = Release|Any CPU
		{070546F3-BE4C-4B83-BB4B-712D6C415E6D}.Debug|Any CPU.ActiveCfg = Debug|Any CPU
		{070546F3-BE4C-4B83-BB4B-712D6C415E6D}.Debug|Any CPU.Build.0 = Debug|Any CPU
		{070546F3-BE4C-4B83-BB4B-712D6C415E6D}.Release|Any CPU.ActiveCfg = Release|Any CPU
		{070546F3-BE4C-4B83-BB4B-712D6C415E6D}.Release|Any CPU.Build.0 = Release|Any CPU
	EndGlobalSection
	GlobalSection(SolutionProperties) = preSolution
		HideSolutionNode = FALSE
	EndGlobalSection
	GlobalSection(ExtensibilityGlobals) = postSolution
		SolutionGuid = {49AA8C64-A734-40FC-A4D3-D2FE001BE295}
	EndGlobalSection
EndGlobal
